github.com/BurntSushi/toml v0.3.1 h1:WXkYYl6Yr3qBf1K79EBnL4mak0OimBfB0XUf9Vl28OQ=
github.com/BurntSushi/toml v0.3.1/go.mod h1:xHWCNGjB5oqiDr8zfno3MHue2Ht5sIBksp03qcyfWMU=
github.com/FactomProject/basen v0.0.0-20150613233007-fe3947df716e h1:ahyvB3q25YnZWly5Gq1ekg6jcmWaGj/vG/MhF4aisoc=
github.com/FactomProject/basen v0.0.0-20150613233007-fe3947df716e/go.mod h1:kGUqhHd//musdITWjFvNTHn90WG9bMLBEPQZ17Cmlpw=
github.com/FactomProject/btcutil v0.0.0-20160826074221-43986820ccd5 h1:cysv7OcQYt+P7IH1ZQAE1akzlwm+EXvxG6/0jYlJIE4=
github.com/FactomProject/btcutil v0.0.0-20160826074221-43986820ccd5/go.mod h1:vneMtVKjkLz6PtiXS/HB0UJXAF77wndeJwZiqaVrN84=
github.com/FactomProject/btcutilecc v0.0.0-20130527213604-d3a63a5752ec h1:1Qb69mGp/UtRPn422BH4/Y4Q3SLUrD9KHuDkm8iodFc=
github.com/FactomProject/btcutilecc v0.0.0-20130527213604-d3a63a5752ec/go.mod h1:CD8UlnlLDiqb36L110uqiP2iSflVjx9g/3U9hCI4q2U=
github.com/FactomProject/ed25519 v0.0.0-20150814230546-38002c4fe7b6 h1:e2tpL8IfImGBR8qODlnb/hnwPhS4wWzoOUKoFrA3RFQ=
github.com/FactomProject/ed25519 v0.0.0-20150814230546-38002c4fe7b6/go.mod h1:x54uxtF9AnHAvx2kRoIxKYLuUV+bRjUQ6u/3FhfmO5g=
github.com/FactomProject/factom v0.0.0-20190617201959-b9c573abee92 h1:x6/a6VZOeeEzAmCwnfR494RbkLa+q1dI2ZllEkCklqE=
github.com/FactomProject/factom v0.0.0-20190617201959-b9c573abee92/go.mod h1:V1V8mWqOI72JBpGj/aPQZEmhDepdykxyhVRH5GxbP4E=
github.com/FactomProject/factom v0.3.5 h1:uctL4QSVLhjyPux4YUPnGd+bxRES2iuIWX25PdWNAD0=
github.com/FactomProject/factom v0.3.5/go.mod h1:V1V8mWqOI72JBpGj/aPQZEmhDepdykxyhVRH5GxbP4E=
github.com/FactomProject/go-bip32 v0.3.5 h1:etsJ4Y/wA7spZl/WG830ogTHQivGcV/8sCrrmkQICNQ=
github.com/FactomProject/go-bip32 v0.3.5/go.mod h1:efm/M7J/CGmQ5dPtGM0GWod5LuyShuFET6oY13168w4=
github.com/FactomProject/go-bip39 v0.3.5 h1:l9g92TeqCkC5NZhm72igTpf5yaYDp3Sy4CvnPYknp6U=
github.com/FactomProject/go-bip39 v0.3.5/go.mod h1:ygPVOtW424QxnJMze9XYDeh4wT19V3iVDOqVUl/USkE=
github.com/FactomProject/go-bip44 v0.0.0-20190306062959-b541a96d8da9 h1:Wprj9FTxqhjgl7e8ZHScGwF5Wc2WrHTbEDoQKciBdhw=
github.com/FactomProject/go-bip44 v0.0.0-20190306062959-b541a96d8da9/go.mod h1:4H/Y1yLgSJvRV4iqilsVhYlqXkPgf1QonpKyt6sdP+Q=
github.com/FactomProject/go-simplejson v0.5.0 h1:gO5Z2gV3+kqWcu8/TrjAbim0yFqUcFll7HzAhdxah7s=
github.com/FactomProject/go-simplejson v0.5.0/go.mod h1:P6XXHV5dI0hIZte+dQ4G8tzNIiyuF/UMVuInbQd036g=
github.com/FactomProject/netki-go-partner-client v0.0.0-20160324224126-426acb535e66 h1:H4nFZnW3EpbcefxbJAJxWCl7niO07QpKt8KeHtLwHoc=
github.com/FactomProject/netki-go-partner-client v0.0.0-20160324224126-426acb535e66/go.mod h1:L+Od0CCfb8IzUbPM4UxLaERB1I6Bw/lD2UtzRM90pIw=
github.com/codegangsta/cli v1.20.0 h1:iX1FXEgwzd5+XN6wk5cVHOGQj6Q3Dcp20lUeS4lHNTw=
github.com/codegangsta/cli v1.20.0/go.mod h1:/qJNoX69yVSKu5o4jLyXAENLRyk1uhi7zkbQ3slBdOA=
github.com/dustin/go-humanize v1.0.0 h1:VSnTsYCnlFHaM2/igO1h6X3HA71jcobQuxemgkq4zYo=
github.com/dustin/go-humanize v1.0.0/go.mod h1:HtrtbFcZ19U5GC7JDqmcUSB87Iq5E25KnS6fMYU6eOk=
github.com/ghodss/yaml v1.0.0 h1:wQHKEahhL6wmXdzwWG11gIVCkOv05bNOh+Rxn0yngAk=
github.com/ghodss/yaml v1.0.0/go.mod h1:4dBDuWmgqj2HViK6kFavaiC9ZROes6MMH2rRYeMEF04=
github.com/go-ini/ini v1.42.0 h1:TWr1wGj35+UiWHlBA8er89seFXxzwFn11spilrrj+38=
github.com/go-ini/ini v1.42.0/go.mod h1:ByCAeIL28uOIIG0E3PJtZPDL8WnHpFKFOtgjp+3Ies8=
github.com/pegnet/LXR256 v0.0.0-20190615184635-c05cc0ee7381 h1:8FrlvB79SIOYt4xnPMHGZkZDXzrKCuAXjhAOp0BImfY=
github.com/pegnet/LXR256 v0.0.0-20190615184635-c05cc0ee7381/go.mod h1:11Z6s/PoxMH3ON6Kh+2MxNFdaq9op2sgvIAqg52d/3I=
github.com/zpatrick/go-config v0.0.0-20190509173111-460869022dbd h1:bsSuySuIt8skjkeqnMk+/fmSa7GrSljzfqiqW+b4Svs=
github.com/zpatrick/go-config v0.0.0-20190509173111-460869022dbd/go.mod h1:N7O1arBXMtrvgkF3kTwZdytK4gsAf13kfqv9Z6vk47Q=
golang.org/x/crypto v0.0.0-20190308221718-c2843e01d9a2/go.mod h1:djNgcEr1/C05ACkg1iLfiJU5Ep61QUkGW8qpdssI0+w=
golang.org/x/crypto v0.0.0-20190618222545-ea8f1a30c443 h1:IcSOAf4PyMp3U3XbIEj1/xJ2BjNN2jWv7JoyOsMxXUU=
golang.org/x/crypto v0.0.0-20190618222545-ea8f1a30c443/go.mod h1:yigFU9vqHzYiE8UmvKecakEJjdnWj3jj499lnFckfCI=
golang.org/x/net v0.0.0-20190404232315-eb5bcb51f2a3/go.mod h1:t9HGtf8HONx5eT2rtn7q6eTqICYqUVnKs3thJo3Qplg=
golang.org/x/sys v0.0.0-20190215142949-d0b11bdaac8a/go.mod h1:STP8DvDyc/dI5b8T5hshtkjS+E42TnysNCUPdjciGhY=
golang.org/x/sys v0.0.0-20190412213103-97732733099d/go.mod h1:h1NjWce9XRLGQEsW7wpKNCjG9DtNlClVuFLEZdDNbEs=
golang.org/x/text v0.3.0/go.mod h1:NqM8EUOU14njkJ3fqMW+pc6Ldnwhi/IjpwHt7yyuwOQ=
gopkg.in/check.v1 v0.0.0-20161208181325-20d25e280405/go.mod h1:Co6ibVJAznAaIkqp8huTwlJQCZ016jof/cbN4VW5Yz0=
gopkg.in/yaml.v2 v2.2.2 h1:ZCJp+EgiOT7lHqUV2J862kp8Qj64Jo6az82+3Td9dZw=
gopkg.in/yaml.v2 v2.2.2/go.mod h1:hI93XBmqTisBFMUTm0b8Fm+jr3Dg1NNxqwp+5A1VGuI=
